
Microsoft Visual Studio Solution File, Format Version 12.00
# Visual Studio Version 17
VisualStudioVersion = 17.7.34024.191
MinimumVisualStudioVersion = 10.0.40219.1
Project("{9A19103F-16F7-4668-BE54-9A1E7A4F7556}") = "MagicLine", "MagicLine\MagicLine.csproj", "{B70A825A-127B-4806-ACAA-EBAA3000ABF9}"
EndProject
Project("{9A19103F-16F7-4668-BE54-9A1E7A4F7556}") = "gameboard", "..\gameboard.csproj", "{06F65226-16BE-4510-85EB-633BC4DB2F24}"
EndProject
Project("{FAE04EC0-301F-11D3-BF4B-00C04F79EFBC}") = "MagicLineLib", "MagicLineLib\MagicLineLib.csproj", "{C447DE68-C4C7-424B-910F-15571DC609D4}"
EndProject
Global
	GlobalSection(SolutionConfigurationPlatforms) = preSolution
		Debug|Any CPU = Debug|Any CPU
		Release|Any CPU = Release|Any CPU
	EndGlobalSection
	GlobalSection(ProjectConfigurationPlatforms) = postSolution
		{B70A825A-127B-4806-ACAA-EBAA3000ABF9}.Debug|Any CPU.ActiveCfg = Debug|Any CPU
		{B70A825A-127B-4806-ACAA-EBAA3000ABF9}.Debug|Any CPU.Build.0 = Debug|Any CPU
		{B70A825A-127B-4806-ACAA-EBAA3000ABF9}.Debug|Any CPU.Deploy.0 = Debug|Any CPU
		{B70A825A-127B-4806-ACAA-EBAA3000ABF9}.Release|Any CPU.ActiveCfg = Release|Any CPU
		{B70A825A-127B-4806-ACAA-EBAA3000ABF9}.Release|Any CPU.Build.0 = Release|Any CPU
		{B70A825A-127B-4806-ACAA-EBAA3000ABF9}.Release|Any CPU.Deploy.0 = Release|Any CPU
		{06F65226-16BE-4510-85EB-633BC4DB2F24}.Debug|Any CPU.ActiveCfg = Debug|Any CPU
		{06F65226-16BE-4510-85EB-633BC4DB2F24}.Debug|Any CPU.Build.0 = Debug|Any CPU
		{06F65226-16BE-4510-85EB-633BC4DB2F24}.Release|Any CPU.ActiveCfg = Release|Any CPU
		{06F65226-16BE-4510-85EB-633BC4DB2F24}.Release|Any CPU.Build.0 = Release|Any CPU
		{C447DE68-C4C7-424B-910F-15571DC609D4}.Debug|Any CPU.ActiveCfg = Debug|Any CPU
		{C447DE68-C4C7-424B-910F-15571DC609D4}.Debug|Any CPU.Build.0 = Debug|Any CPU
		{C447DE68-C4C7-424B-910F-15571DC609D4}.Release|Any CPU.ActiveCfg = Release|Any CPU
		{C447DE68-C4C7-424B-910F-15571DC609D4}.Release|Any CPU.Build.0 = Release|Any CPU
	EndGlobalSection
	GlobalSection(SolutionProperties) = preSolution
		HideSolutionNode = FALSE
	EndGlobalSection
	GlobalSection(ExtensibilityGlobals) = postSolution
		SolutionGuid = {AF3ECE26-047D-4B0D-A87B-CBD1467F57BA}
	EndGlobalSection
EndGlobal
